
Microsoft Visual Studio Solution File, Format Version 12.00
# Visual Studio 15
VisualStudioVersion = 15.0.26124.0
MinimumVisualStudioVersion = 15.0.26124.0
Project("{FAE04EC0-301F-11D3-BF4B-00C04F79EFBC}") = "Neighlink.Api", "Neighlink.Api\Neighlink.Api.csproj", "{CE8FCAAE-3269-4C5A-B3FD-BE517A39C294}"
EndProject
Project("{FAE04EC0-301F-11D3-BF4B-00C04F79EFBC}") = "Neighlink.Repository", "Neighlink.Repository\Neighlink.Repository.csproj", "{2A62AFC9-AD9A-47CB-93CB-35ED89A1A062}"
EndProject
Project("{FAE04EC0-301F-11D3-BF4B-00C04F79EFBC}") = "Neighlink.Entity", "Neighlink.Entity\Neighlink.Entity.csproj", "{37C4F88A-3EA4-45B1-84CA-F3354B976854}"
EndProject
Project("{FAE04EC0-301F-11D3-BF4B-00C04F79EFBC}") = "Neighlink.Service", "Neighlink.Service\Neighlink.Service.csproj", "{869DF126-F06E-4828-A91B-13D6ED733022}"
EndProject
Global
	GlobalSection(SolutionConfigurationPlatforms) = preSolution
		Debug|Any CPU = Debug|Any CPU
		Debug|x64 = Debug|x64
		Debug|x86 = Debug|x86
		Release|Any CPU = Release|Any CPU
		Release|x64 = Release|x64
		Release|x86 = Release|x86
	EndGlobalSection
	GlobalSection(SolutionProperties) = preSolution
		HideSolutionNode = FALSE
	EndGlobalSection
	GlobalSection(ProjectConfigurationPlatforms) = postSolution
		{CE8FCAAE-3269-4C5A-B3FD-BE517A39C294}.Debug|Any CPU.ActiveCfg = Debug|Any CPU
		{CE8FCAAE-3269-4C5A-B3FD-BE517A39C294}.Debug|Any CPU.Build.0 = Debug|Any CPU
		{CE8FCAAE-3269-4C5A-B3FD-BE517A39C294}.Debug|x64.ActiveCfg = Debug|Any CPU
		{CE8FCAAE-3269-4C5A-B3FD-BE517A39C294}.Debug|x64.Build.0 = Debug|Any CPU
		{CE8FCAAE-3269-4C5A-B3FD-BE517A39C294}.Debug|x86.ActiveCfg = Debug|Any CPU
		{CE8FCAAE-3269-4C5A-B3FD-BE517A39C294}.Debug|x86.Build.0 = Debug|Any CPU
		{CE8FCAAE-3269-4C5A-B3FD-BE517A39C294}.Release|Any CPU.ActiveCfg = Release|Any CPU
		{CE8FCAAE-3269-4C5A-B3FD-BE517A39C294}.Release|Any CPU.Build.0 = Release|Any CPU
		{CE8FCAAE-3269-4C5A-B3FD-BE517A39C294}.Release|x64.ActiveCfg = Release|Any CPU
		{CE8FCAAE-3269-4C5A-B3FD-BE517A39C294}.Release|x64.Build.0 = Release|Any CPU
		{CE8FCAAE-3269-4C5A-B3FD-BE517A39C294}.Release|x86.ActiveCfg = Release|Any CPU
		{CE8FCAAE-3269-4C5A-B3FD-BE517A39C294}.Release|x86.Build.0 = Release|Any CPU
		{2A62AFC9-AD9A-47CB-93CB-35ED89A1A062}.Debug|Any CPU.ActiveCfg = Debug|Any CPU
		{2A62AFC9-AD9A-47CB-93CB-35ED89A1A062}.Debug|Any CPU.Build.0 = Debug|Any CPU
		{2A62AFC9-AD9A-47CB-93CB-35ED89A1A062}.Debug|x64.ActiveCfg = Debug|Any CPU
		{2A62AFC9-AD9A-47CB-93CB-35ED89A1A062}.Debug|x64.Build.0 = Debug|Any CPU
		{2A62AFC9-AD9A-47CB-93CB-35ED89A1A062}.Debug|x86.ActiveCfg = Debug|Any CPU
		{2A62AFC9-AD9A-47CB-93CB-35ED89A1A062}.Debug|x86.Build.0 = Debug|Any CPU
		{2A62AFC9-AD9A-47CB-93CB-35ED89A1A062}.Release|Any CPU.ActiveCfg = Release|Any CPU
		{2A62AFC9-AD9A-47CB-93CB-35ED89A1A062}.Release|Any CPU.Build.0 = Release|Any CPU
		{2A62AFC9-AD9A-47CB-93CB-35ED89A1A062}.Release|x64.ActiveCfg = Release|Any CPU
		{2A62AFC9-AD9A-47CB-93CB-35ED89A1A062}.Release|x64.Build.0 = Release|Any CPU
		{2A62AFC9-AD9A-47CB-93CB-35ED89A1A062}.Release|x86.ActiveCfg = Release|Any CPU
		{2A62AFC9-AD9A-47CB-93CB-35ED89A1A062}.Release|x86.Build.0 = Release|Any CPU
		{37C4F88A-3EA4-45B1-84CA-F3354B976854}.Debug|Any CPU.ActiveCfg = Debug|Any CPU
		{37C4F88A-3EA4-45B1-84CA-F3354B976854}.Debug|Any CPU.Build.0 = Debug|Any CPU
		{37C4F88A-3EA4-45B1-84CA-F3354B976854}.Debug|x64.ActiveCfg = Debug|Any CPU
		{37C4F88A-3EA4-45B1-84CA-F3354B976854}.Debug|x64.Build.0 = Debug|Any CPU
		{37C4F88A-3EA4-45B1-84CA-F3354B976854}.Debug|x86.ActiveCfg = Debug|Any CPU
		{37C4F88A-3EA4-45B1-84CA-F3354B976854}.Debug|x86.Build.0 = Debug|Any CPU
		{37C4F88A-3EA4-45B1-84CA-F3354B976854}.Release|Any CPU.ActiveCfg = Release|Any CPU
		{37C4F88A-3EA4-45B1-84CA-F3354B976854}.Release|Any CPU.Build.0 = Release|Any CPU
		{37C4F88A-3EA4-45B1-84CA-F3354B976854}.Release|x64.ActiveCfg = Release|Any CPU
		{37C4F88A-3EA4-45B1-84CA-F3354B976854}.Release|x64.Build.0 = Release|Any CPU
		{37C4F88A-3EA4-45B1-84CA-F3354B976854}.Release|x86.ActiveCfg = Release|Any CPU
		{37C4F88A-3EA4-45B1-84CA-F3354B976854}.Release|x86.Build.0 = Release|Any CPU
		{869DF126-F06E-4828-A91B-13D6ED733022}.Debug|Any CPU.ActiveCfg = Debug|Any CPU
		{869DF126-F06E-4828-A91B-13D6ED733022}.Debug|Any CPU.Build.0 = Debug|Any CPU
		{869DF126-F06E-4828-A91B-13D6ED733022}.Debug|x64.ActiveCfg = Debug|Any CPU
		{869DF126-F06E-4828-A91B-13D6ED733022}.Debug|x64.Build.0 = Debug|Any CPU
		{869DF126-F06E-4828-A91B-13D6ED733022}.Debug|x86.ActiveCfg = Debug|Any CPU
		{869DF126-F06E-4828-A91B-13D6ED733022}.Debug|x86.Build.0 = Debug|Any CPU
		{869DF126-F06E-4828-A91B-13D6ED733022}.Release|Any CPU.ActiveCfg = Release|Any CPU
		{869DF126-F06E-4828-A91B-13D6ED733022}.Release|Any CPU.Build.0 = Release|Any CPU
		{869DF126-F06E-4828-A91B-13D6ED733022}.Release|x64.ActiveCfg = Release|Any CPU
		{869DF126-F06E-4828-A91B-13D6ED733022}.Release|x64.Build.0 = Release|Any CPU
		{869DF126-F06E-4828-A91B-13D6ED733022}.Release|x86.ActiveCfg = Release|Any CPU
		{869DF126-F06E-4828-A91B-13D6ED733022}.Release|x86.Build.0 = Release|Any CPU
	EndGlobalSection
EndGlobal
